# This file is automatically @generated by Cargo.
# It is not intended for manual editing.
version = 3

[[package]]
name = "absurdity"
version = "0.1.0"

[[package]]
name = "addr2line"
version = "0.11.0"
source = "registry+https://github.com/rust-lang/crates.io-index"
checksum = "1c4e698660ed2d0f625c39bb877332b4269668720e330e2aa3d67bb1187a656a"
dependencies = [
 "cpp_demangle 0.2.16",
 "fallible-iterator",
 "gimli 0.20.0",
 "lazycell",
 "object 0.17.0",
 "rustc-demangle",
 "smallvec",
]

[[package]]
name = "addr2line"
version = "0.17.0"
source = "registry+https://github.com/rust-lang/crates.io-index"
checksum = "b9ecd88a8c8378ca913a680cd98f0f13ac67383d35993f86c90a70e3f137816b"
dependencies = [
 "gimli 0.26.1",
]

[[package]]
name = "adler"
version = "1.0.2"
source = "registry+https://github.com/rust-lang/crates.io-index"
checksum = "f26201604c87b1e01bd3d98f8d5d9a8fcbb815e8cedb41ffccbeb4bf593a35fe"

[[package]]
name = "aho-corasick"
version = "0.7.18"
source = "registry+https://github.com/rust-lang/crates.io-index"
checksum = "1e37cfd5e7657ada45f742d6e99ca5788580b5c529dc78faf11ece6dc702656f"
dependencies = [
 "memchr",
]

[[package]]
name = "ansi_term"
version = "0.12.1"
source = "registry+https://github.com/rust-lang/crates.io-index"
checksum = "d52a9bb7ec0cf484c551830a7ce27bd20d67eac647e1befb56b0be4ee39a55d2"
dependencies = [
 "winapi",
]

[[package]]
name = "arrayvec"
version = "0.5.2"
source = "registry+https://github.com/rust-lang/crates.io-index"
checksum = "23b62fc65de8e4e7f52534fb52b0f3ed04746ae267519eef2a83941e8085068b"

[[package]]
name = "atty"
version = "0.2.14"
source = "registry+https://github.com/rust-lang/crates.io-index"
checksum = "d9b39be18770d11421cdb1b9947a45dd3f37e93092cbf377614828a319d5fee8"
dependencies = [
 "hermit-abi",
 "libc",
 "winapi",
]

[[package]]
name = "autocfg"
version = "1.0.1"
source = "registry+https://github.com/rust-lang/crates.io-index"
checksum = "cdb031dd78e28731d87d56cc8ffef4a8f36ca26c38fe2de700543e627f8a464a"

[[package]]
name = "backtrace"
version = "0.3.63"
source = "registry+https://github.com/rust-lang/crates.io-index"
checksum = "321629d8ba6513061f26707241fa9bc89524ff1cd7a915a97ef0c62c666ce1b6"
dependencies = [
 "addr2line 0.17.0",
 "cc",
 "cfg-if 1.0.0",
 "libc",
 "miniz_oxide",
 "object 0.27.1",
 "rustc-demangle",
]

[[package]]
name = "benchmark-server"
version = "0.1.0"
dependencies = [
 "cfg-if 1.0.0",
 "icecap-benchmark-server-config",
 "icecap-benchmark-server-types",
 "icecap-plat",
 "icecap-std",
]

[[package]]
name = "bindgen"
version = "0.59.2"
source = "registry+https://github.com/rust-lang/crates.io-index"
checksum = "2bd2a9a458e8f4304c52c43ebb0cfbd520289f8379a52e329a38afda99bf8eb8"
dependencies = [
 "bitflags",
 "cexpr",
 "clang-sys",
 "clap",
 "env_logger",
 "lazy_static",
 "lazycell",
 "log",
 "peeking_take_while",
 "proc-macro2 1.0.34",
 "quote 1.0.10",
 "regex",
 "rustc-hash",
 "shlex",
 "which",
]

[[package]]
name = "biterate"
version = "0.1.0"
dependencies = [
 "num",
]

[[package]]
name = "bitflags"
version = "1.3.2"
source = "registry+https://github.com/rust-lang/crates.io-index"
checksum = "bef38d45163c2f1dde094a7dfd33ccf595c92905c8f8f4fdc18d06fb1037718a"

[[package]]
name = "block-buffer"
version = "0.10.0"
source = "registry+https://github.com/rust-lang/crates.io-index"
checksum = "f1d36a02058e76b040de25a4464ba1c80935655595b661505c8b39b664828b95"
dependencies = [
 "generic-array",
]

[[package]]
name = "byteorder"
version = "1.4.3"
source = "registry+https://github.com/rust-lang/crates.io-index"
checksum = "14c189c53d098945499cdfa7ecc63567cf3886b3332b312a5b4585d8d3a6a610"

[[package]]
name = "cc"
version = "1.0.72"
source = "registry+https://github.com/rust-lang/crates.io-index"
checksum = "22a9137b95ea06864e018375b72adfb7db6e6f68cfc8df5a04d00288050485ee"

[[package]]
name = "cexpr"
version = "0.6.0"
source = "registry+https://github.com/rust-lang/crates.io-index"
checksum = "6fac387a98bb7c37292057cffc56d62ecb629900026402633ae9160df93a8766"
dependencies = [
 "nom",
]

[[package]]
name = "cfg-if"
version = "0.1.10"
source = "registry+https://github.com/rust-lang/crates.io-index"
checksum = "4785bdd1c96b2a846b2bd7cc02e86b6b3dbf14e7e53446c4f54c92a361040822"

[[package]]
name = "cfg-if"
version = "1.0.0"
source = "registry+https://github.com/rust-lang/crates.io-index"
checksum = "baf1de4339761588bc0619e3cbc0120ee582ebb74b53b4efbf79117bd2da40fd"

[[package]]
name = "clang-sys"
version = "1.3.0"
source = "registry+https://github.com/rust-lang/crates.io-index"
checksum = "fa66045b9cb23c2e9c1520732030608b02ee07e5cfaa5a521ec15ded7fa24c90"
dependencies = [
 "glob",
 "libc",
 "libloading",
]

[[package]]
name = "clap"
version = "2.34.0"
source = "registry+https://github.com/rust-lang/crates.io-index"
checksum = "a0610544180c38b88101fecf2dd634b174a62eef6946f84dfc6a7127512b381c"
dependencies = [
 "ansi_term",
 "atty",
 "bitflags",
 "strsim",
 "textwrap",
 "unicode-width",
 "vec_map",
]

[[package]]
name = "compiler_builtins"
version = "0.1.66"
source = "registry+https://github.com/rust-lang/crates.io-index"
checksum = "191424db7756bbed2c4996959a0fbda94388abcf4f5a2728a8af17481ad9c4f7"
dependencies = [
 "rustc-std-workspace-core",
]

[[package]]
name = "cortex-a"
version = "6.1.0"
source = "registry+https://github.com/rust-lang/crates.io-index"
checksum = "509fc35485a2b4ddbacabe0bf2212cdfff88da93658608e5cc651afcb75b7733"
dependencies = [
 "tock-registers",
]

[[package]]
name = "cpp_demangle"
version = "0.2.16"
source = "registry+https://github.com/rust-lang/crates.io-index"
checksum = "13c924384107361ca729c7d46b9134151b9a955ce99a773784f2777498e8552d"
dependencies = [
 "cfg-if 0.1.10",
 "glob",
]

[[package]]
name = "cpp_demangle"
version = "0.3.5"
source = "registry+https://github.com/rust-lang/crates.io-index"
checksum = "eeaa953eaad386a53111e47172c2fedba671e5684c8dd601a5f474f4f118710f"
dependencies = [
 "cfg-if 1.0.0",
]

[[package]]
name = "cpufeatures"
version = "0.2.1"
source = "registry+https://github.com/rust-lang/crates.io-index"
checksum = "95059428f66df56b63431fdb4e1947ed2190586af5c5a8a8b71122bdf5a7f469"
dependencies = [
 "libc",
]

[[package]]
name = "crc32fast"
version = "1.3.0"
source = "registry+https://github.com/rust-lang/crates.io-index"
checksum = "738c290dfaea84fc1ca15ad9c168d083b05a714e1efddd8edaab678dc28d2836"
dependencies = [
 "cfg-if 1.0.0",
]

[[package]]
name = "crosvm-9p"
version = "0.1.0"
dependencies = [
 "crosvm-9p-wire-format-derive",
 "libc",
]

[[package]]
name = "crosvm-9p-server"
version = "0.1.0"
dependencies = [
 "crosvm-9p",
 "libc",
]

[[package]]
name = "crosvm-9p-server-cli"
version = "0.1.0"
dependencies = [
 "crosvm-9p-server",
 "env_logger",
 "getopts",
 "libc",
 "log",
]

[[package]]
name = "crosvm-9p-wire-format-derive"
version = "0.1.0"
dependencies = [
 "proc-macro2 1.0.34",
 "quote 1.0.10",
 "syn 1.0.82",
]

[[package]]
name = "crypto-common"
version = "0.1.1"
source = "registry+https://github.com/rust-lang/crates.io-index"
checksum = "683d6b536309245c849479fba3da410962a43ed8e51c26b729208ec0ac2798d0"
dependencies = [
 "generic-array",
]

[[package]]
name = "digest"
version = "0.10.1"
source = "registry+https://github.com/rust-lang/crates.io-index"
checksum = "b697d66081d42af4fba142d56918a3cb21dc8eb63372c6b85d14f44fb9c5979b"
dependencies = [
 "block-buffer",
 "crypto-common",
 "generic-array",
]

[[package]]
name = "dlmalloc"
version = "0.1.3"
source = "git+https://gitlab.com/arm-research/security/icecap/rust-dlmalloc?rev=f6759cfed44dc4135eaa43c8c26599357749af39#f6759cfed44dc4135eaa43c8c26599357749af39"
dependencies = [
 "libc",
]

[[package]]
name = "dyndl-realize"
version = "0.1.0"
dependencies = [
 "dyndl-types",
 "icecap-core",
 "log",
 "sha2",
]

[[package]]
name = "dyndl-realize-simple"
version = "0.1.0"
dependencies = [
 "dyndl-realize",
 "dyndl-realize-simple-config",
 "dyndl-types",
 "icecap-core",
]

[[package]]
name = "dyndl-realize-simple-config"
version = "0.1.0"
dependencies = [
 "dyndl-types",
 "icecap-config",
 "serde",
]

[[package]]
name = "dyndl-serialize-spec"
version = "0.1.0"
dependencies = [
 "dyndl-types",
 "postcard",
 "serde",
 "serde_json",
 "sha2",
]

[[package]]
name = "dyndl-types"
version = "0.1.0"
dependencies = [
 "dyndl-types-derive",
 "serde",
]

[[package]]
name = "dyndl-types-derive"
version = "0.1.0"
dependencies = [
 "proc-macro2 1.0.34",
 "quote 1.0.10",
 "syn 1.0.82",
 "synstructure",
]

[[package]]
name = "either"
version = "1.6.1"
source = "registry+https://github.com/rust-lang/crates.io-index"
checksum = "e78d4f1cc4ae33bbfc157ed5d5a5ef3bc29227303d595861deb238fcec4e9457"

[[package]]
name = "env_logger"
version = "0.9.0"
source = "registry+https://github.com/rust-lang/crates.io-index"
checksum = "0b2cf0344971ee6c64c31be0d530793fba457d322dfec2810c453d0ef228f9c3"
dependencies = [
 "atty",
 "humantime",
 "log",
 "regex",
 "termcolor",
]

[[package]]
name = "event-server"
version = "0.1.0"
dependencies = [
 "biterate",
 "finite-set",
 "icecap-event-server-config",
 "icecap-event-server-types",
 "icecap-plat",
 "icecap-std",
]

[[package]]
name = "fallible-iterator"
version = "0.2.0"
source = "registry+https://github.com/rust-lang/crates.io-index"
checksum = "4443176a9f2c162692bd3d352d745ef9413eec5782a80d8fd6f8a1ac692a07f7"

[[package]]
name = "fault-handler"
version = "0.1.0"
dependencies = [
 "icecap-fault-handler-config",
 "icecap-std",
]

[[package]]
name = "finite-set"
version = "0.1.0"
dependencies = [
 "finite-set-derive",
]

[[package]]
name = "finite-set-derive"
version = "0.1.0"
dependencies = [
 "proc-macro2 1.0.34",
 "quote 1.0.10",
 "syn 1.0.82",
 "synstructure",
]

[[package]]
name = "flate2"
version = "1.0.22"
source = "registry+https://github.com/rust-lang/crates.io-index"
checksum = "1e6988e897c1c9c485f43b47a529cef42fde0547f9d8d41a7062518f1d8fc53f"
dependencies = [
 "cfg-if 1.0.0",
 "crc32fast",
 "libc",
 "miniz_oxide",
]

[[package]]
name = "generated-module-hack"
version = "0.1.0"
dependencies = [
 "quote 0.6.13",
 "syn 0.15.44",
]

[[package]]
name = "generic-array"
version = "0.14.4"
source = "registry+https://github.com/rust-lang/crates.io-index"
checksum = "501466ecc8a30d1d3b7fc9229b122b2ce8ed6e9d9223f1138d4babb253e51817"
dependencies = [
 "typenum",
 "version_check",
]

[[package]]
name = "getopts"
version = "0.2.21"
source = "registry+https://github.com/rust-lang/crates.io-index"
checksum = "14dbbfd5c71d70241ecf9e6f13737f7b5ce823821063188d7e46c41d371eebd5"
dependencies = [
 "unicode-width",
]

[[package]]
name = "gimli"
version = "0.20.0"
source = "registry+https://github.com/rust-lang/crates.io-index"
checksum = "81dd6190aad0f05ddbbf3245c54ed14ca4aa6dd32f22312b70d8f168c3e3e633"
dependencies = [
 "arrayvec",
 "byteorder",
 "fallible-iterator",
 "indexmap",
 "smallvec",
 "stable_deref_trait",
]

[[package]]
name = "gimli"
version = "0.26.1"
source = "registry+https://github.com/rust-lang/crates.io-index"
checksum = "78cc372d058dcf6d5ecd98510e7fbc9e5aec4d21de70f65fea8fecebcd881bd4"

[[package]]
name = "glob"
version = "0.3.0"
source = "registry+https://github.com/rust-lang/crates.io-index"
checksum = "9b919933a397b79c37e33b77bb2aa3dc8eb6e165ad809e58ff75bc7db2e34574"

[[package]]
name = "goblin"
version = "0.1.3"
source = "registry+https://github.com/rust-lang/crates.io-index"
checksum = "3081214398d39e4bd7f2c1975f0488ed04614ffdd976c6fc7a0708278552c0da"
dependencies = [
 "log",
 "plain",
 "scroll",
]

[[package]]
name = "hashbrown"
version = "0.11.2"
source = "registry+https://github.com/rust-lang/crates.io-index"
checksum = "ab5ef0d4909ef3724cc8cce6ccc8572c5c817592e9285f5464f8e86f8bd3726e"

[[package]]
name = "hermit-abi"
version = "0.1.19"
source = "registry+https://github.com/rust-lang/crates.io-index"
checksum = "62b467343b94ba476dcb2500d242dadbb39557df889310ac77c5d99100aaac33"
dependencies = [
 "libc",
]

[[package]]
name = "hex"
version = "0.4.3"
source = "registry+https://github.com/rust-lang/crates.io-index"
checksum = "7f24254aa9a54b5c858eaee2f5bccdb46aaf0e486a595ed5fd8f86ba55232a70"

[[package]]
name = "host-vmm"
version = "0.1.0"
dependencies = [
 "biterate",
 "cfg-if 1.0.0",
 "finite-set",
 "icecap-benchmark-server-types",
 "icecap-event-server-types",
 "icecap-host-vmm-config",
 "icecap-host-vmm-types",
 "icecap-resource-server-types",
 "icecap-std",
 "icecap-vmm",
]

[[package]]
name = "humantime"
version = "2.1.0"
source = "registry+https://github.com/rust-lang/crates.io-index"
checksum = "9a3a5bfb195931eeb336b2a7b4d761daec841b97f947d34394601737a7bba5e4"

[[package]]
name = "hypervisor-fdt-append-devices"
version = "0.1.0"
dependencies = [
 "hypervisor-fdt-bindings",
 "icecap-fdt",
 "serde",
 "serde_json",
]

[[package]]
name = "hypervisor-fdt-bindings"
version = "0.1.0"
dependencies = [
 "icecap-fdt",
 "log",
 "serde",
]

[[package]]
name = "hypervisor-serialize-component-config"
version = "0.1.0"
dependencies = [
 "icecap-benchmark-server-config",
 "icecap-config-cli-core",
 "icecap-event-server-config",
 "icecap-fault-handler-config",
 "icecap-host-vmm-config",
 "icecap-mirage-config",
 "icecap-realm-vmm-config",
 "icecap-resource-server-config",
 "icecap-serial-server-config",
 "postcard",
 "serde",
 "serde_json",
]

[[package]]
name = "icecap-backtrace"
version = "0.1.0"
dependencies = [
 "icecap-backtrace-collect",
 "icecap-backtrace-types",
 "icecap-runtime",
]

[[package]]
name = "icecap-backtrace-collect"
version = "0.1.0"
dependencies = [
 "cfg-if 1.0.0",
 "fallible-iterator",
 "gimli 0.20.0",
 "icecap-backtrace-types",
 "icecap-unwind",
 "log",
]

[[package]]
name = "icecap-backtrace-types"
version = "0.1.0"
dependencies = [
 "hex",
 "postcard",
 "serde",
]

[[package]]
name = "icecap-bcm-system-timer-driver"
version = "0.1.0"
dependencies = [
 "icecap-core",
 "icecap-driver-interfaces",
 "tock-registers",
]

[[package]]
name = "icecap-bcm2835-aux-uart-driver"
version = "0.1.0"
dependencies = [
 "icecap-core",
 "icecap-driver-interfaces",
 "tock-registers",
]

[[package]]
name = "icecap-benchmark-server-config"
version = "0.1.0"
dependencies = [
 "icecap-config",
 "serde",
]

[[package]]
name = "icecap-benchmark-server-types"
version = "0.1.0"
dependencies = [
 "serde",
]

[[package]]
name = "icecap-config"
version = "0.1.0"
dependencies = [
 "icecap-config-sys",
 "serde",
]

[[package]]
name = "icecap-config-cli-core"
version = "0.1.0"
dependencies = [
 "postcard",
 "serde",
 "serde_json",
]

[[package]]
name = "icecap-config-sys"
version = "0.1.0"
dependencies = [
 "icecap-runtime",
 "icecap-sel4",
 "serde",
]

[[package]]
name = "icecap-core"
version = "0.1.0"
dependencies = [
 "icecap-backtrace",
 "icecap-config",
 "icecap-failure",
 "icecap-logger",
 "icecap-ring-buffer",
 "icecap-rpc",
 "icecap-runtime",
 "icecap-sel4",
 "icecap-start",
 "icecap-sync",
]

[[package]]
name = "icecap-driver-interfaces"
version = "0.1.0"
dependencies = [
 "icecap-core",
]

[[package]]
name = "icecap-event-server-config"
version = "0.1.0"
dependencies = [
 "icecap-config",
 "icecap-event-server-types",
 "serde",
]

[[package]]
name = "icecap-event-server-types"
version = "0.1.0"
dependencies = [
 "biterate",
 "finite-set",
 "serde",
]

[[package]]
name = "icecap-failure"
version = "0.1.0"
dependencies = [
 "cfg-if 1.0.0",
 "icecap-backtrace",
 "icecap-failure-derive",
 "icecap-sel4",
 "log",
]

[[package]]
name = "icecap-failure-derive"
version = "0.1.0"
dependencies = [
 "proc-macro2 1.0.34",
 "quote 1.0.10",
 "syn 1.0.82",
 "synstructure",
]

[[package]]
name = "icecap-fault-handler-config"
version = "0.1.0"
dependencies = [
 "icecap-config",
 "serde",
]

[[package]]
name = "icecap-fdt"
version = "0.1.0"
dependencies = [
 "log",
]

[[package]]
name = "icecap-generic-serial-server-core"
version = "0.1.0"
dependencies = [
 "cfg-if 1.0.0",
 "icecap-bcm2835-aux-uart-driver",
 "icecap-core",
 "icecap-driver-interfaces",
 "icecap-generic-timer-server-client",
 "icecap-pl011-driver",
 "serde",
]

[[package]]
name = "icecap-generic-timer-server"
version = "0.1.0"
dependencies = [
 "cfg-if 1.0.0",
 "icecap-bcm-system-timer-driver",
 "icecap-driver-interfaces",
 "icecap-generic-timer-server-config",
 "icecap-generic-timer-server-types",
 "icecap-std",
 "icecap-virt-timer-driver",
 "tock-registers",
]

[[package]]
name = "icecap-generic-timer-server-client"
version = "0.1.0"
dependencies = [
 "icecap-generic-timer-server-types",
 "icecap-rpc",
 "icecap-sel4",
]

[[package]]
name = "icecap-generic-timer-server-config"
version = "0.1.0"
dependencies = [
 "icecap-config",
 "serde",
]

[[package]]
name = "icecap-generic-timer-server-types"
version = "0.1.0"
dependencies = [
 "serde",
]

[[package]]
name = "icecap-host"
version = "0.1.0"
dependencies = [
 "clap",
 "icecap-host-user",
 "icecap-host-vmm-types",
]

[[package]]
name = "icecap-host-user"
version = "0.1.0"
dependencies = [
 "cfg-if 1.0.0",
 "dyndl-types",
 "icecap-host-vmm-types",
 "icecap-resource-server-types",
 "icecap-rpc-types",
 "libc",
 "postcard",
]

[[package]]
name = "icecap-host-vmm-config"
version = "0.1.0"
dependencies = [
 "icecap-config",
 "icecap-event-server-types",
 "serde",
]

[[package]]
name = "icecap-host-vmm-types"
version = "0.1.0"
dependencies = [
 "serde",
]

[[package]]
name = "icecap-linux-syscall-musl"
version = "0.1.0"

[[package]]
name = "icecap-linux-syscall-types"
version = "0.1.0"

[[package]]
name = "icecap-logger"
version = "0.1.0"
dependencies = [
 "log",
]

[[package]]
name = "icecap-mirage-config"
version = "0.1.0"
dependencies = [
 "icecap-config",
 "serde",
]

[[package]]
name = "icecap-mirage-core"
version = "0.1.0"
dependencies = [
 "icecap-core",
 "icecap-linux-syscall-musl",
 "icecap-linux-syscall-types",
]

[[package]]
name = "icecap-pl011-driver"
version = "0.1.0"
dependencies = [
 "icecap-core",
 "icecap-driver-interfaces",
 "tock-registers",
]

[[package]]
name = "icecap-plat"
version = "0.1.0"
dependencies = [
 "cfg-if 1.0.0",
 "icecap-sel4",
]

[[package]]
name = "icecap-realm-vmm-config"
version = "0.1.0"
dependencies = [
 "icecap-config",
 "icecap-event-server-types",
 "serde",
]

[[package]]
name = "icecap-resource-server-config"
version = "0.1.0"
dependencies = [
 "dyndl-realize-simple-config",
 "dyndl-types",
 "icecap-config",
 "serde",
]

[[package]]
name = "icecap-resource-server-core"
version = "0.1.0"
dependencies = [
 "dyndl-realize",
 "dyndl-types",
 "icecap-core",
 "icecap-event-server-types",
 "icecap-generic-timer-server-client",
 "icecap-plat",
 "icecap-resource-server-types",
 "log",
 "postcard",
 "serde",
]

[[package]]
name = "icecap-resource-server-types"
version = "0.1.0"
dependencies = [
 "icecap-rpc-types",
 "postcard",
 "serde",
]

[[package]]
name = "icecap-ring-buffer"
version = "0.1.0"
dependencies = [
 "icecap-config",
 "icecap-sel4",
 "log",
 "tock-registers",
]

[[package]]
name = "icecap-rpc"
version = "0.1.0"
dependencies = [
 "icecap-rpc-types",
 "icecap-sel4",
]

[[package]]
name = "icecap-rpc-types"
version = "0.1.0"
dependencies = [
 "postcard",
 "serde",
]

[[package]]
name = "icecap-runtime"
version = "0.1.0"
dependencies = [
 "compiler_builtins",
 "icecap-sel4",
 "rustc-std-workspace-alloc",
 "rustc-std-workspace-core",
 "serde",
]

[[package]]
name = "icecap-runtime-config"
version = "0.1.0"
dependencies = [
 "serde",
]

[[package]]
name = "icecap-sel4"
version = "0.1.0"
dependencies = [
 "compiler_builtins",
 "icecap-sel4-derive",
 "icecap-sel4-sys",
 "rustc-std-workspace-alloc",
 "rustc-std-workspace-core",
 "serde",
]

[[package]]
name = "icecap-sel4-derive"
version = "0.1.0"
dependencies = [
 "quote 1.0.10",
 "syn 1.0.82",
]

[[package]]
name = "icecap-sel4-sys"
version = "0.1.0"
dependencies = [
 "absurdity",
 "bindgen",
 "compiler_builtins",
 "rustc-std-workspace-core",
]

[[package]]
name = "icecap-serial-server-config"
version = "0.1.0"
dependencies = [
 "icecap-config",
 "icecap-event-server-types",
 "serde",
]

[[package]]
name = "icecap-serialize-event-server-out-index"
version = "0.1.0"
dependencies = [
 "finite-set",
 "icecap-event-server-types",
 "serde",
 "serde_json",
]

[[package]]
name = "icecap-serialize-generic-component-config"
version = "0.1.0"
dependencies = [
 "icecap-config-cli-core",
 "icecap-generic-timer-server-config",
 "postcard",
 "serde",
 "serde_json",
]

[[package]]
name = "icecap-serialize-runtime-config"
version = "0.1.0"
dependencies = [
 "icecap-runtime-config",
 "serde",
 "serde_json",
]

[[package]]
name = "icecap-show-backtrace"
version = "0.1.0"
dependencies = [
 "addr2line 0.11.0",
 "backtrace",
 "clap",
 "cpp_demangle 0.3.5",
 "fallible-iterator",
 "gimli 0.20.0",
 "hex",
 "icecap-backtrace-types",
 "log",
 "memmap",
 "object 0.17.0",
 "postcard",
 "rustc-demangle",
 "serde",
]

[[package]]
name = "icecap-start"
version = "0.1.0"
dependencies = [
 "icecap-failure",
 "icecap-runtime",
 "icecap-sel4",
 "postcard",
 "serde",
]

[[package]]
name = "icecap-start-generic"
version = "0.1.0"
dependencies = [
 "icecap-failure",
 "icecap-runtime",
 "icecap-sel4",
 "icecap-start",
 "log",
 "postcard",
 "serde",
 "serde_json",
]

[[package]]
name = "icecap-std"
version = "0.1.0"
dependencies = [
 "dlmalloc",
 "icecap-core",
 "log",
]

[[package]]
name = "icecap-std-external"
version = "0.1.0"
dependencies = [
 "icecap-core",
 "log",
]

[[package]]
name = "icecap-std-impl"
version = "0.1.0"
dependencies = [
 "compiler_builtins",
 "icecap-runtime",
 "icecap-sel4",
 "icecap-sync",
 "rustc-std-workspace-alloc",
 "rustc-std-workspace-core",
]

[[package]]
name = "icecap-sync"
version = "0.1.0"
dependencies = [
 "compiler_builtins",
 "icecap-sel4",
 "rustc-std-workspace-alloc",
 "rustc-std-workspace-core",
]

[[package]]
name = "icecap-unwind"
version = "0.1.0"
dependencies = [
 "fallible-iterator",
 "gimli 0.20.0",
 "icecap-runtime",
 "log",
]

[[package]]
name = "icecap-virt-timer-driver"
version = "0.1.0"
dependencies = [
 "icecap-core",
 "icecap-driver-interfaces",
 "tock-registers",
]

[[package]]
name = "icecap-vmm"
version = "0.1.0"
dependencies = [
 "biterate",
 "icecap-core",
 "icecap-event-server-types",
 "icecap-vmm-gic",
 "icecap-vmm-psci",
 "log",
]

[[package]]
name = "icecap-vmm-gic"
version = "0.1.0"
dependencies = [
 "biterate",
 "icecap-failure",
 "icecap-failure-derive",
 "icecap-sel4",
 "log",
]

[[package]]
name = "icecap-vmm-psci"
version = "0.1.0"
dependencies = [
 "icecap-sel4",
]

[[package]]
name = "idle"
version = "0.1.0"
dependencies = [
 "cortex-a",
 "icecap-std",
]

[[package]]
name = "indexmap"
version = "1.7.0"
source = "registry+https://github.com/rust-lang/crates.io-index"
checksum = "bc633605454125dec4b66843673f01c7df2b89479b32e0ed634e43a91cff62a5"
dependencies = [
 "autocfg",
 "hashbrown",
]

[[package]]
name = "itoa"
version = "1.0.1"
source = "registry+https://github.com/rust-lang/crates.io-index"
checksum = "1aab8fc367588b89dcee83ab0fd66b72b50b72fa1904d7095045ace2b0c81c35"

[[package]]
name = "lazy_static"
version = "1.4.0"
source = "registry+https://github.com/rust-lang/crates.io-index"
checksum = "e2abad23fbc42b3700f2f279844dc832adb2b2eb069b2df918f455c4e18cc646"

[[package]]
name = "lazycell"
version = "1.3.0"
source = "registry+https://github.com/rust-lang/crates.io-index"
checksum = "830d08ce1d1d941e6b30645f1a0eb5643013d835ce3779a5fc208261dbe10f55"

[[package]]
name = "libc"
version = "0.2.112"
source = "registry+https://github.com/rust-lang/crates.io-index"
checksum = "1b03d17f364a3a042d5e5d46b053bbbf82c92c9430c592dd4c064dc6ee997125"

[[package]]
name = "libloading"
version = "0.7.2"
source = "registry+https://github.com/rust-lang/crates.io-index"
checksum = "afe203d669ec979b7128619bae5a63b7b42e9203c1b29146079ee05e2f604b52"
dependencies = [
 "cfg-if 1.0.0",
 "winapi",
]

[[package]]
name = "log"
version = "0.4.14"
source = "registry+https://github.com/rust-lang/crates.io-index"
checksum = "51b9bbe6c47d51fc3e1a9b945965946b4c44142ab8792c50835a980d362c2710"
dependencies = [
 "cfg-if 1.0.0",
]

[[package]]
name = "memchr"
version = "2.4.1"
source = "registry+https://github.com/rust-lang/crates.io-index"
checksum = "308cc39be01b73d0d18f82a0e7b2a3df85245f84af96fdddc5d202d27e47b86a"

[[package]]
name = "memmap"
version = "0.7.0"
source = "registry+https://github.com/rust-lang/crates.io-index"
checksum = "6585fd95e7bb50d6cc31e20d4cf9afb4e2ba16c5846fc76793f11218da9c475b"
dependencies = [
 "libc",
 "winapi",
]

[[package]]
name = "minimal-lexical"
version = "0.2.1"
source = "registry+https://github.com/rust-lang/crates.io-index"
checksum = "68354c5c6bd36d73ff3feceb05efa59b6acb7626617f4962be322a825e61f79a"

[[package]]
name = "miniz_oxide"
version = "0.4.4"
source = "registry+https://github.com/rust-lang/crates.io-index"
checksum = "a92518e98c078586bc6c934028adcca4c92a53d6a958196de835170a01d84e4b"
dependencies = [
 "adler",
 "autocfg",
]

[[package]]
name = "mirage"
version = "0.1.0"
dependencies = [
 "finite-set",
 "icecap-event-server-types",
 "icecap-linux-syscall-musl",
 "icecap-linux-syscall-types",
 "icecap-mirage-config",
 "icecap-mirage-core",
 "icecap-std",
 "serde",
]

[[package]]
name = "nom"
version = "7.1.0"
source = "registry+https://github.com/rust-lang/crates.io-index"
checksum = "1b1d11e1ef389c76fe5b81bcaf2ea32cf88b62bc494e19f493d0b30e7a930109"
dependencies = [
 "memchr",
 "minimal-lexical",
 "version_check",
]

[[package]]
name = "num"
version = "0.4.0"
source = "registry+https://github.com/rust-lang/crates.io-index"
checksum = "43db66d1170d347f9a065114077f7dccb00c1b9478c89384490a3425279a4606"
dependencies = [
 "num-complex",
 "num-integer",
 "num-iter",
 "num-rational",
 "num-traits",
]

[[package]]
name = "num-complex"
version = "0.4.0"
source = "registry+https://github.com/rust-lang/crates.io-index"
checksum = "26873667bbbb7c5182d4a37c1add32cdf09f841af72da53318fdb81543c15085"
dependencies = [
 "num-traits",
]

[[package]]
name = "num-integer"
version = "0.1.44"
source = "registry+https://github.com/rust-lang/crates.io-index"
checksum = "d2cc698a63b549a70bc047073d2949cce27cd1c7b0a4a862d08a8031bc2801db"
dependencies = [
 "autocfg",
 "num-traits",
]

[[package]]
name = "num-iter"
version = "0.1.42"
source = "registry+https://github.com/rust-lang/crates.io-index"
checksum = "b2021c8337a54d21aca0d59a92577a029af9431cb59b909b03252b9c164fad59"
dependencies = [
 "autocfg",
 "num-integer",
 "num-traits",
]

[[package]]
name = "num-rational"
version = "0.4.0"
source = "registry+https://github.com/rust-lang/crates.io-index"
checksum = "d41702bd167c2df5520b384281bc111a4b5efcf7fbc4c9c222c815b07e0a6a6a"
dependencies = [
 "autocfg",
 "num-integer",
 "num-traits",
]

[[package]]
name = "num-traits"
version = "0.2.14"
source = "registry+https://github.com/rust-lang/crates.io-index"
checksum = "9a64b1ec5cda2586e284722486d802acf1f7dbdc623e2bfc57e65ca1cd099290"
dependencies = [
 "autocfg",
]

[[package]]
name = "numeric-literal-env-hack"
version = "0.1.0"
dependencies = [
 "quote 0.6.13",
 "syn 0.15.44",
]

[[package]]
name = "object"
version = "0.17.0"
source = "registry+https://github.com/rust-lang/crates.io-index"
checksum = "ea44a4fd660ab0f38434934ca0212e90fbeaaee54126ef20a3451c30c95bafae"
dependencies = [
 "flate2",
 "goblin",
 "parity-wasm",
 "scroll",
 "target-lexicon",
 "uuid",
]

[[package]]
name = "object"
version = "0.27.1"
source = "registry+https://github.com/rust-lang/crates.io-index"
checksum = "67ac1d3f9a1d3616fd9a60c8d74296f22406a238b6a72f5cc1e6f314df4ffbf9"
dependencies = [
 "memchr",
]

[[package]]
name = "parity-wasm"
version = "0.41.0"
source = "registry+https://github.com/rust-lang/crates.io-index"
checksum = "ddfc878dac00da22f8f61e7af3157988424567ab01d9920b962ef7dcbd7cd865"

[[package]]
name = "peeking_take_while"
version = "0.1.2"
source = "registry+https://github.com/rust-lang/crates.io-index"
checksum = "19b17cddbe7ec3f8bc800887bab5e717348c95ea2ca0b1bf0837fb964dc67099"

[[package]]
name = "plain"
version = "0.2.3"
source = "registry+https://github.com/rust-lang/crates.io-index"
checksum = "b4596b6d070b27117e987119b4dac604f3c58cfb0b191112e24771b2faeac1a6"

[[package]]
name = "postcard"
version = "0.7.2"
source = "registry+https://github.com/rust-lang/crates.io-index"
checksum = "c8863e251332eb18520388099b8b0acc4810ed6e602e3b6f674e8a46ba20e15c"
dependencies = [
 "postcard-cobs",
 "serde",
]

[[package]]
name = "postcard-cobs"
version = "0.1.5-pre"
source = "registry+https://github.com/rust-lang/crates.io-index"
checksum = "7c68cb38ed13fd7bc9dd5db8f165b7c8d9c1a315104083a2b10f11354c2af97f"

[[package]]
name = "proc-macro2"
version = "0.4.30"
source = "registry+https://github.com/rust-lang/crates.io-index"
checksum = "cf3d2011ab5c909338f7887f4fc896d35932e29146c12c8d01da6b22a80ba759"
dependencies = [
 "unicode-xid 0.1.0",
]

[[package]]
name = "proc-macro2"
version = "1.0.34"
source = "registry+https://github.com/rust-lang/crates.io-index"
checksum = "2f84e92c0f7c9d58328b85a78557813e4bd845130db68d7184635344399423b1"
dependencies = [
 "unicode-xid 0.2.2",
]

[[package]]
name = "quote"
version = "0.6.13"
source = "registry+https://github.com/rust-lang/crates.io-index"
checksum = "6ce23b6b870e8f94f81fb0a363d65d86675884b34a09043c81e5562f11c1f8e1"
dependencies = [
 "proc-macro2 0.4.30",
]

[[package]]
name = "quote"
version = "1.0.10"
source = "registry+https://github.com/rust-lang/crates.io-index"
checksum = "38bc8cc6a5f2e3655e0899c1b848643b2562f853f114bfec7be120678e3ace05"
dependencies = [
 "proc-macro2 1.0.34",
]

[[package]]
name = "realm-vmm"
version = "0.1.0"
dependencies = [
 "biterate",
 "finite-set",
 "icecap-event-server-types",
 "icecap-realm-vmm-config",
 "icecap-std",
 "icecap-vmm",
]

[[package]]
name = "regex"
version = "1.5.4"
source = "registry+https://github.com/rust-lang/crates.io-index"
checksum = "d07a8629359eb56f1e2fb1652bb04212c072a87ba68546a04065d525673ac461"
dependencies = [
 "aho-corasick",
 "memchr",
 "regex-syntax",
]

[[package]]
name = "regex-syntax"
version = "0.6.25"
source = "registry+https://github.com/rust-lang/crates.io-index"
checksum = "f497285884f3fcff424ffc933e56d7cbca511def0c9831a7f9b5f6153e3cc89b"

[[package]]
name = "resource-server"
version = "0.1.0"
dependencies = [
 "dyndl-realize",
 "dyndl-realize-simple",
 "dyndl-realize-simple-config",
 "dyndl-types",
 "icecap-event-server-types",
 "icecap-generic-timer-server-client",
 "icecap-resource-server-config",
 "icecap-resource-server-core",
 "icecap-resource-server-types",
 "icecap-std",
 "postcard",
 "serde",
]

[[package]]
name = "rustc-demangle"
version = "0.1.21"
source = "registry+https://github.com/rust-lang/crates.io-index"
checksum = "7ef03e0a2b150c7a90d01faf6254c9c48a41e95fb2a8c2ac1c6f0d2b9aefc342"

[[package]]
name = "rustc-hash"
version = "1.1.0"
source = "registry+https://github.com/rust-lang/crates.io-index"
checksum = "08d43f7aa6b08d49f382cde6a7982047c3426db949b1424bc4b7ec9ae12c6ce2"

[[package]]
name = "rustc-std-workspace-alloc"
version = "1.0.0"
source = "registry+https://github.com/rust-lang/crates.io-index"
checksum = "ff66d57013a5686e1917ed6a025d54dd591fcda71a41fe07edf4d16726aefa86"

[[package]]
name = "rustc-std-workspace-core"
version = "1.0.0"
source = "registry+https://github.com/rust-lang/crates.io-index"
checksum = "1956f5517128a2b6f23ab2dadf1a976f4f5b27962e7724c2bf3d45e539ec098c"

[[package]]
name = "ryu"
version = "1.0.9"
source = "registry+https://github.com/rust-lang/crates.io-index"
checksum = "73b4b750c782965c211b42f022f59af1fbceabdd026623714f104152f1ec149f"

[[package]]
name = "scroll"
version = "0.10.2"
source = "registry+https://github.com/rust-lang/crates.io-index"
checksum = "fda28d4b4830b807a8b43f7b0e6b5df875311b3e7621d84577188c175b6ec1ec"
dependencies = [
 "scroll_derive",
]

[[package]]
name = "scroll_derive"
version = "0.10.5"
source = "registry+https://github.com/rust-lang/crates.io-index"
checksum = "aaaae8f38bb311444cfb7f1979af0bc9240d95795f75f9ceddf6a59b79ceffa0"
dependencies = [
 "proc-macro2 1.0.34",
 "quote 1.0.10",
 "syn 1.0.82",
]

[[package]]
name = "serde"
version = "1.0.131"
source = "registry+https://github.com/rust-lang/crates.io-index"
checksum = "b4ad69dfbd3e45369132cc64e6748c2d65cdfb001a2b1c232d128b4ad60561c1"
dependencies = [
 "serde_derive",
]

[[package]]
name = "serde_derive"
version = "1.0.131"
source = "registry+https://github.com/rust-lang/crates.io-index"
checksum = "b710a83c4e0dff6a3d511946b95274ad9ca9e5d3ae497b63fda866ac955358d2"
dependencies = [
 "proc-macro2 1.0.34",
 "quote 1.0.10",
 "syn 1.0.82",
]

[[package]]
name = "serde_json"
version = "1.0.73"
source = "registry+https://github.com/rust-lang/crates.io-index"
checksum = "bcbd0344bc6533bc7ec56df11d42fb70f1b912351c0825ccb7211b59d8af7cf5"
dependencies = [
 "itoa",
 "ryu",
 "serde",
]

[[package]]
name = "serial-server"
version = "0.1.0"
dependencies = [
 "cfg-if 1.0.0",
 "finite-set",
 "icecap-bcm2835-aux-uart-driver",
 "icecap-driver-interfaces",
 "icecap-event-server-types",
 "icecap-generic-serial-server-core",
 "icecap-generic-timer-server-client",
 "icecap-pl011-driver",
 "icecap-serial-server-config",
 "icecap-std",
 "serde",
 "tock-registers",
]

[[package]]
name = "sha2"
version = "0.10.0"
source = "registry+https://github.com/rust-lang/crates.io-index"
checksum = "900d964dd36bb15bcf2f2b35694c072feab74969a54f2bbeec7a2d725d2bdcb6"
dependencies = [
 "cfg-if 1.0.0",
 "cpufeatures",
 "digest",
]

[[package]]
name = "shlex"
version = "1.1.0"
source = "registry+https://github.com/rust-lang/crates.io-index"
checksum = "43b2853a4d09f215c24cc5489c992ce46052d359b5109343cbafbf26bc62f8a3"

[[package]]
name = "smallvec"
version = "1.7.0"
source = "registry+https://github.com/rust-lang/crates.io-index"
checksum = "1ecab6c735a6bb4139c0caafd0cc3635748bbb3acf4550e8138122099251f309"

[[package]]
name = "stable_deref_trait"
version = "1.2.0"
source = "registry+https://github.com/rust-lang/crates.io-index"
checksum = "a8f112729512f8e442d81f95a8a7ddf2b7c6b8a1a6f509a95864142b30cab2d3"

[[package]]
name = "strsim"
version = "0.8.0"
source = "registry+https://github.com/rust-lang/crates.io-index"
checksum = "8ea5119cdb4c55b55d432abb513a0429384878c15dde60cc77b1c99de1a95a6a"

[[package]]
name = "syn"
version = "0.15.44"
source = "registry+https://github.com/rust-lang/crates.io-index"
checksum = "9ca4b3b69a77cbe1ffc9e198781b7acb0c7365a883670e8f1c1bc66fba79a5c5"
dependencies = [
 "proc-macro2 0.4.30",
 "quote 0.6.13",
 "unicode-xid 0.1.0",
]

[[package]]
name = "syn"
version = "1.0.82"
source = "registry+https://github.com/rust-lang/crates.io-index"
checksum = "8daf5dd0bb60cbd4137b1b587d2fc0ae729bc07cf01cd70b36a1ed5ade3b9d59"
dependencies = [
 "proc-macro2 1.0.34",
 "quote 1.0.10",
 "unicode-xid 0.2.2",
]

[[package]]
name = "synstructure"
version = "0.12.6"
source = "registry+https://github.com/rust-lang/crates.io-index"
checksum = "f36bdaa60a83aca3921b5259d5400cbf5e90fc51931376a9bd4a0eb79aa7210f"
dependencies = [
 "proc-macro2 1.0.34",
 "quote 1.0.10",
 "syn 1.0.82",
 "unicode-xid 0.2.2",
]

[[package]]
name = "target-lexicon"
version = "0.10.0"
source = "registry+https://github.com/rust-lang/crates.io-index"
checksum = "ab0e7238dcc7b40a7be719a25365910f6807bd864f4cce6b2e6b873658e2b19d"

[[package]]
name = "termcolor"
version = "1.1.2"
source = "registry+https://github.com/rust-lang/crates.io-index"
checksum = "2dfed899f0eb03f32ee8c6a0aabdb8a7949659e3466561fc0adf54e26d88c5f4"
dependencies = [
 "winapi-util",
]

[[package]]
name = "textwrap"
version = "0.11.0"
source = "registry+https://github.com/rust-lang/crates.io-index"
checksum = "d326610f408c7a4eb6f51c37c330e496b08506c9457c9d34287ecc38809fb060"
dependencies = [
 "unicode-width",
]

[[package]]
name = "tock-registers"
version = "0.7.0"
source = "registry+https://github.com/rust-lang/crates.io-index"
checksum = "4ee8fba06c1f4d0b396ef61a54530bb6b28f0dc61c38bc8bc5a5a48161e6282e"

[[package]]
name = "typenum"
version = "1.14.0"
source = "registry+https://github.com/rust-lang/crates.io-index"
checksum = "b63708a265f51345575b27fe43f9500ad611579e764c79edbc2037b1121959ec"

[[package]]
name = "unicode-width"
version = "0.1.9"
source = "registry+https://github.com/rust-lang/crates.io-index"
checksum = "3ed742d4ea2bd1176e236172c8429aaf54486e7ac098db29ffe6529e0ce50973"

[[package]]
name = "unicode-xid"
version = "0.1.0"
source = "registry+https://github.com/rust-lang/crates.io-index"
checksum = "fc72304796d0818e357ead4e000d19c9c174ab23dc11093ac919054d20a6a7fc"

[[package]]
name = "unicode-xid"
version = "0.2.2"
source = "registry+https://github.com/rust-lang/crates.io-index"
checksum = "8ccb82d61f80a663efe1f787a51b16b5a51e3314d6ac365b08639f52387b33f3"

[[package]]
name = "uuid"
version = "0.8.2"
source = "registry+https://github.com/rust-lang/crates.io-index"
checksum = "bc5cf98d8186244414c848017f0e2676b3fcb46807f6668a97dfe67359a3c4b7"

[[package]]
name = "vec_map"
version = "0.8.2"
source = "registry+https://github.com/rust-lang/crates.io-index"
checksum = "f1bddf1187be692e79c5ffeab891132dfb0f236ed36a43c7ed39f1165ee20191"

[[package]]
name = "version_check"
version = "0.9.3"
source = "registry+https://github.com/rust-lang/crates.io-index"
checksum = "5fecdca9a5291cc2b8dcf7dc02453fee791a280f3743cb0905f8822ae463b3fe"

[[package]]
name = "which"
version = "4.2.2"
source = "registry+https://github.com/rust-lang/crates.io-index"
checksum = "ea187a8ef279bc014ec368c27a920da2024d2a711109bfbe3440585d5cf27ad9"
dependencies = [
 "either",
 "lazy_static",
 "libc",
]

[[package]]
name = "winapi"
version = "0.3.9"
source = "registry+https://github.com/rust-lang/crates.io-index"
checksum = "5c839a674fcd7a98952e593242ea400abe93992746761e38641405d28b00f419"
dependencies = [
 "winapi-i686-pc-windows-gnu",
 "winapi-x86_64-pc-windows-gnu",
]

[[package]]
name = "winapi-i686-pc-windows-gnu"
version = "0.4.0"
source = "registry+https://github.com/rust-lang/crates.io-index"
checksum = "ac3b87c63620426dd9b991e5ce0329eff545bccbbb34f3be09ff6fb6ab51b7b6"

[[package]]
name = "winapi-util"
version = "0.1.5"
source = "registry+https://github.com/rust-lang/crates.io-index"
checksum = "70ec6ce85bb158151cae5e5c87f95a8e97d2c0c4b001223f33a334e3ce5de178"
dependencies = [
 "winapi",
]

[[package]]
name = "winapi-x86_64-pc-windows-gnu"
version = "0.4.0"
source = "registry+https://github.com/rust-lang/crates.io-index"
checksum = "712e227841d057c1ee1cd2fb22fa7e5a5461ae8e48fa2ca79ec42cfc1931183f"
